github.com/gorilla/mux v1.8.0 h1:i40aqfkR1h2SlN9hojwV5ZA91wcXFOvkdNIeFDP5koI=
github.com/gorilla/mux v1.8.0/go.mod h1:DVbg23sWSpFRCP0SfiEN6jmj59UnW/n46BH5rLB71So=
github.com/libvirt/libvirt-go v7.0.0+incompatible h1:twXBsJe7klsz2Zogxm4GJF5aBRPmdY72RX8nDumB86A=
github.com/libvirt/libvirt-go v7.0.0+incompatible/go.mod h1:34zsnB4iGeOv7Byj6qotuW8Ya4v4Tr43ttjz/F0wjLE=
